// !$*UTF8*$!
{
	archiveVersion = 1;
	classes = {
	};
	objectVersion = 46;
	objects = {

/* Begin PBXBuildFile section */
		2C434E171C30D93700875CB5 /* main.m in Sources */ = {isa = PBXBuildFile; fileRef = 2C434E161C30D93700875CB5 /* main.m */; };
		2C434E1A1C30D93700875CB5 /* AppDelegate.m in Sources */ = {isa = PBXBuildFile; fileRef = 2C434E191C30D93700875CB5 /* AppDelegate.m */; };
		2C434E1D1C30D93700875CB5 /* ViewController.m in Sources */ = {isa = PBXBuildFile; fileRef = 2C434E1C1C30D93700875CB5 /* ViewController.m */; };
		2C434E201C30D93700875CB5 /* Main.storyboard in Resources */ = {isa = PBXBuildFile; fileRef = 2C434E1E1C30D93700875CB5 /* Main.storyboard */; };
		2C434E221C30D93700875CB5 /* Assets.xcassets in Resources */ = {isa = PBXBuildFile; fileRef = 2C434E211C30D93700875CB5 /* Assets.xcassets */; };
		2C434E251C30D93700875CB5 /* LaunchScreen.storyboard in Resources */ = {isa = PBXBuildFile; fileRef = 2C434E231C30D93700875CB5 /* LaunchScreen.storyboard */; };
		2C434E301C30D93700875CB5 /* alipayDemoTests.m in Sources */ = {isa = PBXBuildFile; fileRef = 2C434E2F1C30D93700875CB5 /* alipayDemoTests.m */; };
		2C434E3B1C30D93700875CB5 /* alipayDemoUITests.m in Sources */ = {isa = PBXBuildFile; fileRef = 2C434E3A1C30D93700875CB5 /* alipayDemoUITests.m */; };
		2C434E491C30DA0D00875CB5 /* libc++.tbd in Frameworks */ = {isa = PBXBuildFile; fileRef = 2C434E481C30DA0D00875CB5 /* libc++.tbd */; };
		2C434E4C1C30DA7400875CB5 /* AlipaySDK.framework in Frameworks */ = {isa = PBXBuildFile; fileRef = 2C434E4B1C30DA7400875CB5 /* AlipaySDK.framework */; };
		2C434E4E1C30DA7B00875CB5 /* AlipaySDK.bundle in Resources */ = {isa = PBXBuildFile; fileRef = 2C434E4D1C30DA7B00875CB5 /* AlipaySDK.bundle */; };
		2C434E501C30DBB200875CB5 /* libz.tbd in Frameworks */ = {isa = PBXBuildFile; fileRef = 2C434E4F1C30DBB200875CB5 /* libz.tbd */; };
		2C434E521C30DBC800875CB5 /* SystemConfiguration.framework in Frameworks */ = {isa = PBXBuildFile; fileRef = 2C434E511C30DBC800875CB5 /* SystemConfiguration.framework */; };
/* End PBXBuildFile section */

/* Begin PBXContainerItemProxy section */
		2C434E2C1C30D93700875CB5 /* PBXContainerItemProxy */ = {
			isa = PBXContainerItemProxy;
			containerPortal = 2C434E0A1C30D93700875CB5 /* Project object */;
			proxyType = 1;
			remoteGlobalIDString = 2C434E111C30D93700875CB5;
			remoteInfo = alipayDemo;
		};
		2C434E371C30D93700875CB5 /* PBXContainerItemProxy */ = {
			isa = PBXContainerItemProxy;
			containerPortal = 2C434E0A1C30D93700875CB5 /* Project object */;
			proxyType = 1;
			remoteGlobalIDString = 2C434E111C30D93700875CB5;
			remoteInfo = alipayDemo;
		};
/* End PBXContainerItemProxy section */

/* Begin PBXFileReference section */
		2C434E121C30D93700875CB5 /* alipayDemo.app */ = {isa = PBXFileReference; explicitFileType = wrapper.application; includeInIndex = 0; path = alipayDemo.app; sourceTree = BUILT_PRODUCTS_DIR; };
		2C434E161C30D93700875CB5 /* main.m */ = {isa = PBXFileReference; lastKnownFileType = sourcecode.c.objc; path = main.m; sourceTree = "<group>"; };
		2C434E181C30D93700875CB5 /* AppDelegate.h */ = {isa = PBXFileReference; lastKnownFileType = sourcecode.c.h; path = AppDelegate.h; sourceTree = "<group>"; };
		2C434E191C30D93700875CB5 /* AppDelegate.m */ = {isa = PBXFileReference; lastKnownFileType = sourcecode.c.objc; path = AppDelegate.m; sourceTree = "<group>"; };
		2C434E1B1C30D93700875CB5 /* ViewController.h */ = {isa = PBXFileReference; lastKnownFileType = sourcecode.c.h; path = ViewController.h; sourceTree = "<group>"; };
		2C434E1C1C30D93700875CB5 /* ViewController.m */ = {isa = PBXFileReference; lastKnownFileType = sourcecode.c.objc; path = ViewController.m; sourceTree = "<group>"; };
		2C434E1F1C30D93700875CB5 /* Base */ = {isa = PBXFileReference; lastKnownFileType = file.storyboard; name = Base; path = Base.lproj/Main.storyboard; sourceTree = "<group>"; };
		2C434E211C30D93700875CB5 /* Assets.xcassets */ = {isa = PBXFileReference; lastKnownFileType = folder.assetcatalog; path = Assets.xcassets; sourceTree = "<group>"; };
		2C434E241C30D93700875CB5 /* Base */ = {isa = PBXFileReference; lastKnownFileType = file.storyboard; name = Base; path = Base.lproj/LaunchScreen.storyboard; sourceTree = "<group>"; };
		2C434E261C30D93700875CB5 /* Info.plist */ = {isa = PBXFileReference; lastKnownFileType = text.plist.xml; path = Info.plist; sourceTree = "<group>"; };
		2C434E2B1C30D93700875CB5 /* alipayDemoTests.xctest */ = {isa = PBXFileReference; explicitFileType = wrapper.cfbundle; includeInIndex = 0; path = alipayDemoTests.xctest; sourceTree = BUILT_PRODUCTS_DIR; };
		2C434E2F1C30D93700875CB5 /* alipayDemoTests.m */ = {isa = PBXFileReference; lastKnownFileType = sourcecode.c.objc; path = alipayDemoTests.m; sourceTree = "<group>"; };
		2C434E311C30D93700875CB5 /* Info.plist */ = {isa = PBXFileReference; lastKnownFileType = text.plist.xml; path = Info.plist; sourceTree = "<group>"; };
		2C434E361C30D93700875CB5 /* alipayDemoUITests.xctest */ = {isa = PBXFileReference; explicitFileType = wrapper.cfbundle; includeInIndex = 0; path = alipayDemoUITests.xctest; sourceTree = BUILT_PRODUCTS_DIR; };
		2C434E3A1C30D93700875CB5 /* alipayDemoUITests.m */ = {isa = PBXFileReference; lastKnownFileType = sourcecode.c.objc; path = alipayDemoUITests.m; sourceTree = "<group>"; };
		2C434E3C1C30D93700875CB5 /* Info.plist */ = {isa = PBXFileReference; lastKnownFileType = text.plist.xml; path = Info.plist; sourceTree = "<group>"; };
		2C434E481C30DA0D00875CB5 /* libc++.tbd */ = {isa = PBXFileReference; lastKnownFileType = "sourcecode.text-based-dylib-definition"; name = "libc++.tbd"; path = "usr/lib/libc++.tbd"; sourceTree = SDKROOT; };
		2C434E4B1C30DA7400875CB5 /* AlipaySDK.framework */ = {isa = PBXFileReference; lastKnownFileType = wrapper.framework; path = AlipaySDK.framework; sourceTree = "<group>"; };
		2C434E4D1C30DA7B00875CB5 /* AlipaySDK.bundle */ = {isa = PBXFileReference; lastKnownFileType = "wrapper.plug-in"; path = AlipaySDK.bundle; sourceTree = "<group>"; };
		2C434E4F1C30DBB200875CB5 /* libz.tbd */ = {isa = PBXFileReference; lastKnownFileType = "sourcecode.text-based-dylib-definition"; name = libz.tbd; path = usr/lib/libz.tbd; sourceTree = SDKROOT; };
		2C434E511C30DBC800875CB5 /* SystemConfiguration.framework */ = {isa = PBXFileReference; lastKnownFileType = wrapper.framework; name = SystemConfiguration.framework; path = System/Library/Frameworks/SystemConfiguration.framework; sourceTree = SDKROOT; };
/* End PBXFileReference section */

/* Begin PBXFrameworksBuildPhase section */
		2C434E0F1C30D93700875CB5 /* Frameworks */ = {
			isa = PBXFrameworksBuildPhase;
			buildActionMask = 2147483647;
			files = (
				2C434E521C30DBC800875CB5 /* SystemConfiguration.framework in Frameworks */,
				2C434E501C30DBB200875CB5 /* libz.tbd in Frameworks */,
				2C434E491C30DA0D00875CB5 /* libc++.tbd in Frameworks */,
				2C434E4C1C30DA7400875CB5 /* AlipaySDK.framework in Frameworks */,
			);
			runOnlyForDeploymentPostprocessing = 0;
		};
		2C434E281C30D93700875CB5 /* Frameworks */ = {
			isa = PBXFrameworksBuildPhase;
			buildActionMask = 2147483647;
			files = (
			);
			runOnlyForDeploymentPostprocessing = 0;
		};
		2C434E331C30D93700875CB5 /* Frameworks */ = {
			isa = PBXFrameworksBuildPhase;
			buildActionMask = 2147483647;
			files = (
			);
			runOnlyForDeploymentPostprocessing = 0;
		};
/* End PBXFrameworksBuildPhase section */

/* Begin PBXGroup section */
		2C434E091C30D93700875CB5 = {
			isa = PBXGroup;
			children = (
				2C434E4D1C30DA7B00875CB5 /* AlipaySDK.bundle */,
				2C434E141C30D93700875CB5 /* alipayDemo */,
				2C434E2E1C30D93700875CB5 /* alipayDemoTests */,
				2C434E391C30D93700875CB5 /* alipayDemoUITests */,
				2C434E131C30D93700875CB5 /* Products */,
				2C434E4A1C30DA1E00875CB5 /* Frameworks */,
			);
			sourceTree = "<group>";
		};
		2C434E131C30D93700875CB5 /* Products */ = {
			isa = PBXGroup;
			children = (
				2C434E121C30D93700875CB5 /* alipayDemo.app */,
				2C434E2B1C30D93700875CB5 /* alipayDemoTests.xctest */,
				2C434E361C30D93700875CB5 /* alipayDemoUITests.xctest */,
			);
			name = Products;
			sourceTree = "<group>";
		};
		2C434E141C30D93700875CB5 /* alipayDemo */ = {
			isa = PBXGroup;
			children = (
				2C434E181C30D93700875CB5 /* AppDelegate.h */,
				2C434E191C30D93700875CB5 /* AppDelegate.m */,
				2C434E1B1C30D93700875CB5 /* ViewController.h */,
				2C434E1C1C30D93700875CB5 /* ViewController.m */,
				2C434E1E1C30D93700875CB5 /* Main.storyboard */,
				2C434E211C30D93700875CB5 /* Assets.xcassets */,
				2C434E231C30D93700875CB5 /* LaunchScreen.storyboard */,
				2C434E261C30D93700875CB5 /* Info.plist */,
				2C434E151C30D93700875CB5 /* Supporting Files */,
			);
			path = alipayDemo;
			sourceTree = "<group>";
		};
		2C434E151C30D93700875CB5 /* Supporting Files */ = {
			isa = PBXGroup;
			children = (
				2C434E161C30D93700875CB5 /* main.m */,
			);
			name = "Supporting Files";
			sourceTree = "<group>";
		};
		2C434E2E1C30D93700875CB5 /* alipayDemoTests */ = {
			isa = PBXGroup;
			children = (
				2C434E2F1C30D93700875CB5 /* alipayDemoTests.m */,
				2C434E311C30D93700875CB5 /* Info.plist */,
			);
			path = alipayDemoTests;
			sourceTree = "<group>";
		};
		2C434E391C30D93700875CB5 /* alipayDemoUITests */ = {
			isa = PBXGroup;
			children = (
				2C434E3A1C30D93700875CB5 /* alipayDemoUITests.m */,
				2C434E3C1C30D93700875CB5 /* Info.plist */,
			);
			path = alipayDemoUITests;
			sourceTree = "<group>";
		};
		2C434E4A1C30DA1E00875CB5 /* Frameworks */ = {
			isa = PBXGroup;
			children = (
				2C434E511C30DBC800875CB5 /* SystemConfiguration.framework */,
				2C434E4F1C30DBB200875CB5 /* libz.tbd */,
				2C434E4B1C30DA7400875CB5 /* AlipaySDK.framework */,
				2C434E481C30DA0D00875CB5 /* libc++.tbd */,
			);
			name = Frameworks;
			sourceTree = "<group>";
		};
/* End PBXGroup section */

/* Begin PBXNativeTarget section */
		2C434E111C30D93700875CB5 /* alipayDemo */ = {
			isa = PBXNativeTarget;
			buildConfigurationList = 2C434E3F1C30D93700875CB5 /* Build configuration list for PBXNativeTarget "alipayDemo" */;
			buildPhases = (
				2C434E0E1C30D93700875CB5 /* Sources */,
				2C434E0F1C30D93700875CB5 /* Frameworks */,
				2C434E101C30D93700875CB5 /* Resources */,
			);
			buildRules = (
			);
			dependencies = (
			);
			name = alipayDemo;
			productName = alipayDemo;
			productReference = 2C434E121C30D93700875CB5 /* alipayDemo.app */;
			productType = "com.apple.product-type.application";
		};
		2C434E2A1C30D93700875CB5 /* alipayDemoTests */ = {
			isa = PBXNativeTarget;
			buildConfigurationList = 2C434E421C30D93700875CB5 /* Build configuration list for PBXNativeTarget "alipayDemoTests" */;
			buildPhases = (
				2C434E271C30D93700875CB5 /* Sources */,
				2C434E281C30D93700875CB5 /* Frameworks */,
				2C434E291C30D93700875CB5 /* Resources */,
			);
			buildRules = (
			);
			dependencies = (
				2C434E2D1C30D93700875CB5 /* PBXTargetDependency */,
			);
			name = alipayDemoTests;
			productName = alipayDemoTests;
			productReference = 2C434E2B1C30D93700875CB5 /* alipayDemoTests.xctest */;
			productType = "com.apple.product-type.bundle.unit-test";
		};
		2C434E351C30D93700875CB5 /* alipayDemoUITests */ = {
			isa = PBXNativeTarget;
			buildConfigurationList = 2C434E451C30D93700875CB5 /* Build configuration list for PBXNativeTarget "alipayDemoUITests" */;
			buildPhases = (
				2C434E321C30D93700875CB5 /* Sources */,
				2C434E331C30D93700875CB5 /* Frameworks */,
				2C434E341C30D93700875CB5 /* Resources */,
			);
			buildRules = (
			);
			dependencies = (
				2C434E381C30D93700875CB5 /* PBXTargetDependency */,
			);
			name = alipayDemoUITests;
			productName = alipayDemoUITests;
			productReference = 2C434E361C30D93700875CB5 /* alipayDemoUITests.xctest */;
			productType = "com.apple.product-type.bundle.ui-testing";
		};
/* End PBXNativeTarget section */

/* Begin PBXProject section */
		2C434E0A1C30D93700875CB5 /* Project object */ = {
			isa = PBXProject;
			attributes = {
				LastUpgradeCheck = 0720;
				ORGANIZATIONNAME = maxbalance;
				TargetAttributes = {
					2C434E111C30D93700875CB5 = {
						CreatedOnToolsVersion = 7.2;
					};
					2C434E2A1C30D93700875CB5 = {
						CreatedOnToolsVersion = 7.2;
						TestTargetID = 2C434E111C30D93700875CB5;
					};
					2C434E351C30D93700875CB5 = {
						CreatedOnToolsVersion = 7.2;
						TestTargetID = 2C434E111C30D93700875CB5;
					};
				};
			};
			buildConfigurationList = 2C434E0D1C30D93700875CB5 /* Build configuration list for PBXProject "alipayDemo" */;
			compatibilityVersion = "Xcode 3.2";
			developmentRegion = English;
			hasScannedForEncodings = 0;
			knownRegions = (
				en,
				Base,
			);
			mainGroup = 2C434E091C30D93700875CB5;
			productRefGroup = 2C434E131C30D93700875CB5 /* Products */;
			projectDirPath = "";
			projectRoot = "";
			targets = (
				2C434E111C30D93700875CB5 /* alipayDemo */,
				2C434E2A1C30D93700875CB5 /* alipayDemoTests */,
				2C434E351C30D93700875CB5 /* alipayDemoUITests */,
			);
		};
/* End PBXProject section */

/* Begin PBXResourcesBuildPhase section */
		2C434E101C30D93700875CB5 /* Resources */ = {
			isa = PBXResourcesBuildPhase;
			buildActionMask = 2147483647;
			files = (
				2C434E251C30D93700875CB5 /* LaunchScreen.storyboard in Resources */,
				2C434E221C30D93700875CB5 /* Assets.xcassets in Resources */,
				2C434E4E1C30DA7B00875CB5 /* AlipaySDK.bundle in Resources */,
				2C434E201C30D93700875CB5 /* Main.storyboard in Resources */,
			);
			runOnlyForDeploymentPostprocessing = 0;
		};
		2C434E291C30D93700875CB5 /* Resources */ = {
			isa = PBXResourcesBuildPhase;
			buildActionMask = 2147483647;
			files = (
			);
			runOnlyForDeploymentPostprocessing = 0;
		};
		2C434E341C30D93700875CB5 /* Resources */ = {
			isa = PBXResourcesBuildPhase;
			buildActionMask = 2147483647;
			files = (
			);
			runOnlyForDeploymentPostprocessing = 0;
		};
/* End PBXResourcesBuildPhase section */

/* Begin PBXSourcesBuildPhase section */
		2C434E0E1C30D93700875CB5 /* Sources */ = {
			isa = PBXSourcesBuildPhase;
			buildActionMask = 2147483647;
			files = (
				2C434E1D1C30D93700875CB5 /* ViewController.m in Sources */,
				2C434E1A1C30D93700875CB5 /* AppDelegate.m in Sources */,
				2C434E171C30D93700875CB5 /* main.m in Sources */,
			);
			runOnlyForDeploymentPostprocessing = 0;
		};
		2C434E271C30D93700875CB5 /* Sources */ = {
			isa = PBXSourcesBuildPhase;
			buildActionMask = 2147483647;
			files = (
				2C434E301C30D93700875CB5 /* alipayDemoTests.m in Sources */,
			);
			runOnlyForDeploymentPostprocessing = 0;
		};
		2C434E321C30D93700875CB5 /* Sources */ = {
			isa = PBXSourcesBuildPhase;
			buildActionMask = 2147483647;
			files = (
				2C434E3B1C30D93700875CB5 /* alipayDemoUITests.m in Sources */,
			);
			runOnlyForDeploymentPostprocessing = 0;
		};
/* End PBXSourcesBuildPhase section */

/* Begin PBXTargetDependency section */
		2C434E2D1C30D93700875CB5 /* PBXTargetDependency */ = {
			isa = PBXTargetDependency;
			target = 2C434E111C30D93700875CB5 /* alipayDemo */;
			targetProxy = 2C434E2C1C30D93700875CB5 /* PBXContainerItemProxy */;
		};
		2C434E381C30D93700875CB5 /* PBXTargetDependency */ = {
			isa = PBXTargetDependency;
			target = 2C434E111C30D93700875CB5 /* alipayDemo */;
			targetProxy = 2C434E371C30D93700875CB5 /* PBXContainerItemProxy */;
		};
/* End PBXTargetDependency section */

/* Begin PBXVariantGroup section */
		2C434E1E1C30D93700875CB5 /* Main.storyboard */ = {
			isa = PBXVariantGroup;
			children = (
				2C434E1F1C30D93700875CB5 /* Base */,
			);
			name = Main.storyboard;
			sourceTree = "<group>";
		};
		2C434E231C30D93700875CB5 /* LaunchScreen.storyboard */ = {
			isa = PBXVariantGroup;
			children = (
				2C434E241C30D93700875CB5 /* Base */,
			);
			name = LaunchScreen.storyboard;
			sourceTree = "<group>";
		};
/* End PBXVariantGroup section */

/* Begin XCBuildConfiguration section */
		2C434E3D1C30D93700875CB5 /* Debug */ = {
			isa = XCBuildConfiguration;
			buildSettings = {
				ALWAYS_SEARCH_USER_PATHS = NO;
				CLANG_CXX_LANGUAGE_STANDARD = "gnu++0x";
				CLANG_CXX_LIBRARY = "libc++";
				CLANG_ENABLE_MODULES = YES;
				CLANG_ENABLE_OBJC_ARC = YES;
				CLANG_WARN_BOOL_CONVERSION = YES;
				CLANG_WARN_CONSTANT_CONVERSION = YES;
				CLANG_WARN_DIRECT_OBJC_ISA_USAGE = YES_ERROR;
				CLANG_WARN_EMPTY_BODY = YES;
				CLANG_WARN_ENUM_CONVERSION = YES;
				CLANG_WARN_INT_CONVERSION = YES;
				CLANG_WARN_OBJC_ROOT_CLASS = YES_ERROR;
				CLANG_WARN_UNREACHABLE_CODE = YES;
				CLANG_WARN__DUPLICATE_METHOD_MATCH = YES;
				"CODE_SIGN_IDENTITY[sdk=iphoneos*]" = "iPhone Developer";
				COPY_PHASE_STRIP = NO;
				DEBUG_INFORMATION_FORMAT = dwarf;
				ENABLE_STRICT_OBJC_MSGSEND = YES;
				ENABLE_TESTABILITY = YES;
				GCC_C_LANGUAGE_STANDARD = gnu99;
				GCC_DYNAMIC_NO_PIC = NO;
				GCC_NO_COMMON_BLOCKS = YES;
				GCC_OPTIMIZATION_LEVEL = 0;
				GCC_PREPROCESSOR_DEFINITIONS = (
					"DEBUG=1",
					"$(inherited)",
				);
				GCC_WARN_64_TO_32_BIT_CONVERSION = YES;
				GCC_WARN_ABOUT_RETURN_TYPE = YES_ERROR;
				GCC_WARN_UNDECLARED_SELECTOR = YES;
				GCC_WARN_UNINITIALIZED_AUTOS = YES_AGGRESSIVE;
				GCC_WARN_UNUSED_FUNCTION = YES;
				GCC_WARN_UNUSED_VARIABLE = YES;
				IPHONEOS_DEPLOYMENT_TARGET = 9.2;
				MTL_ENABLE_DEBUG_INFO = YES;
				ONLY_ACTIVE_ARCH = YES;
				SDKROOT = iphoneos;
			};
			name = Debug;
		};
		2C434E3E1C30D93700875CB5 /* Release */ = {
			isa = XCBuildConfiguration;
			buildSettings = {
				ALWAYS_SEARCH_USER_PATHS = NO;
				CLANG_CXX_LANGUAGE_STANDARD = "gnu++0x";
				CLANG_CXX_LIBRARY = "libc++";
				CLANG_ENABLE_MODULES = YES;
				CLANG_ENABLE_OBJC_ARC = YES;
				CLANG_WARN_BOOL_CONVERSION = YES;
				CLANG_WARN_CONSTANT_CONVERSION = YES;
				CLANG_WARN_DIRECT_OBJC_ISA_USAGE = YES_ERROR;
				CLANG_WARN_EMPTY_BODY = YES;
				CLANG_WARN_ENUM_CONVERSION = YES;
				CLANG_WARN_INT_CONVERSION = YES;
				CLANG_WARN_OBJC_ROOT_CLASS = YES_ERROR;
				CLANG_WARN_UNREACHABLE_CODE = YES;
				CLANG_WARN__DUPLICATE_METHOD_MATCH = YES;
				"CODE_SIGN_IDENTITY[sdk=iphoneos*]" = "iPhone Developer";
				COPY_PHASE_STRIP = NO;
				DEBUG_INFORMATION_FORMAT = "dwarf-with-dsym";
				ENABLE_NS_ASSERTIONS = NO;
				ENABLE_STRICT_OBJC_MSGSEND = YES;
				GCC_C_LANGUAGE_STANDARD = gnu99;
				GCC_NO_COMMON_BLOCKS = YES;
				GCC_WARN_64_TO_32_BIT_CONVERSION = YES;
				GCC_WARN_ABOUT_RETURN_TYPE = YES_ERROR;
				GCC_WARN_UNDECLARED_SELECTOR = YES;
				GCC_WARN_UNINITIALIZED_AUTOS = YES_AGGRESSIVE;
				GCC_WARN_UNUSED_FUNCTION = YES;
				GCC_WARN_UNUSED_VARIABLE = YES;
				IPHONEOS_DEPLOYMENT_TARGET = 9.2;
				MTL_ENABLE_DEBUG_INFO = NO;
				SDKROOT = iphoneos;
				VALIDATE_PRODUCT = YES;
			};
			name = Release;
		};
		2C434E401C30D93700875CB5 /* Debug */ = {
			isa = XCBuildConfiguration;
			buildSettings = {
				ASSETCATALOG_COMPILER_APPICON_NAME = AppIcon;
				FRAMEWORK_SEARCH_PATHS = (
					"$(inherited)",
					"$(PROJECT_DIR)",
				);
				INFOPLIST_FILE = alipayDemo/Info.plist;
				LD_RUNPATH_SEARCH_PATHS = "$(inherited) @executable_path/Frameworks";
				PRODUCT_BUNDLE_IDENTIFIER = com.maxbalance.alipayDemo;
				PRODUCT_NAME = "$(TARGET_NAME)";
			};
			name = Debug;
		};
		2C434E411C30D93700875CB5 /* Release */ = {
			isa = XCBuildConfiguration;
			buildSettings = {
				ASSETCATALOG_COMPILER_APPICON_NAME = AppIcon;
				FRAMEWORK_SEARCH_PATHS = (
					"$(inherited)",
					"$(PROJECT_DIR)",
				);
				INFOPLIST_FILE = alipayDemo/Info.plist;
				LD_RUNPATH_SEARCH_PATHS = "$(inherited) @executable_path/Frameworks";
				PRODUCT_BUNDLE_IDENTIFIER = com.maxbalance.alipayDemo;
				PRODUCT_NAME = "$(TARGET_NAME)";
			};
			name = Release;
		};
		2C434E431C30D93700875CB5 /* Debug */ = {
			isa = XCBuildConfiguration;
			buildSettings = {
				BUNDLE_LOADER = "$(TEST_HOST)";
				INFOPLIST_FILE = alipayDemoTests/Info.plist;
				LD_RUNPATH_SEARCH_PATHS = "$(inherited) @executable_path/Frameworks @loader_path/Frameworks";
				PRODUCT_BUNDLE_IDENTIFIER = com.maxbalance.alipayDemoTests;
				PRODUCT_NAME = "$(TARGET_NAME)";
				TEST_HOST = "$(BUILT_PRODUCTS_DIR)/alipayDemo.app/alipayDemo";
			};
			name = Debug;
		};
		2C434E441C30D93700875CB5 /* Release */ = {
			isa = XCBuildConfiguration;
			buildSettings = {
				BUNDLE_LOADER = "$(TEST_HOST)";
				INFOPLIST_FILE = alipayDemoTests/Info.plist;
				LD_RUNPATH_SEARCH_PATHS = "$(inherited) @executable_path/Frameworks @loader_path/Frameworks";
				PRODUCT_BUNDLE_IDENTIFIER = com.maxbalance.alipayDemoTests;
				PRODUCT_NAME = "$(TARGET_NAME)";
				TEST_HOST = "$(BUILT_PRODUCTS_DIR)/alipayDemo.app/alipayDemo";
			};
			name = Release;
		};
		2C434E461C30D93700875CB5 /* Debug */ = {
			isa = XCBuildConfiguration;
			buildSettings = {
				INFOPLIST_FILE = alipayDemoUITests/Info.plist;
				LD_RUNPATH_SEARCH_PATHS = "$(inherited) @executable_path/Frameworks @loader_path/Frameworks";
				PRODUCT_BUNDLE_IDENTIFIER = com.maxbalance.alipayDemoUITests;
				PRODUCT_NAME = "$(TARGET_NAME)";
				TEST_TARGET_NAME = alipayDemo;
				USES_XCTRUNNER = YES;
			};
			name = Debug;
		};
		2C434E471C30D93700875CB5 /* Release */ = {
			isa = XCBuildConfiguration;
			buildSettings = {
				INFOPLIST_FILE = alipayDemoUITests/Info.plist;
				LD_RUNPATH_SEARCH_PATHS = "$(inherited) @executable_path/Frameworks @loader_path/Frameworks";
				PRODUCT_BUNDLE_IDENTIFIER = com.maxbalance.alipayDemoUITests;
				PRODUCT_NAME = "$(TARGET_NAME)";
				TEST_TARGET_NAME = alipayDemo;
				USES_XCTRUNNER = YES;
			};
			name = Release;
		};
/* End XCBuildConfiguration section */

/* Begin XCConfigurationList section */
		2C434E0D1C30D93700875CB5 /* Build configuration list for PBXProject "alipayDemo" */ = {
			isa = XCConfigurationList;
			buildConfigurations = (
				2C434E3D1C30D93700875CB5 /* Debug */,
				2C434E3E1C30D93700875CB5 /* Release */,
			);
			defaultConfigurationIsVisible = 0;
			defaultConfigurationName = Release;
		};
		2C434E3F1C30D93700875CB5 /* Build configuration list for PBXNativeTarget "alipayDemo" */ = {
			isa = XCConfigurationList;
			buildConfigurations = (
				2C434E401C30D93700875CB5 /* Debug */,
				2C434E411C30D93700875CB5 /* Release */,
			);
			defaultConfigurationIsVisible = 0;
		};
		2C434E421C30D93700875CB5 /* Build configuration list for PBXNativeTarget "alipayDemoTests" */ = {
			isa = XCConfigurationList;
			buildConfigurations = (
				2C434E431C30D93700875CB5 /* Debug */,
				2C434E441C30D93700875CB5 /* Release */,
			);
			defaultConfigurationIsVisible = 0;
		};
		2C434E451C30D93700875CB5 /* Build configuration list for PBXNativeTarget "alipayDemoUITests" */ = {
			isa = XCConfigurationList;
			buildConfigurations = (
				2C434E461C30D93700875CB5 /* Debug */,
				2C434E471C30D93700875CB5 /* Release */,
			);
			defaultConfigurationIsVisible = 0;
		};
/* End XCConfigurationList section */
	};
	rootObject = 2C434E0A1C30D93700875CB5 /* Project object */;
}
